// !$*UTF8*$!
{
	archiveVersion = 1;
	classes = {
	};
	objectVersion = 46;
	objects = {

/* Begin PBXBuildFile section */
		064D09251F76B5BF00397920 /* AppDelegate.swift in Sources */ = {isa = PBXBuildFile; fileRef = 064D09241F76B5BF00397920 /* AppDelegate.swift */; };
		064D09271F76B5BF00397920 /* ViewController.swift in Sources */ = {isa = PBXBuildFile; fileRef = 064D09261F76B5BF00397920 /* ViewController.swift */; };
		064D092A1F76B5BF00397920 /* Main.storyboard in Resources */ = {isa = PBXBuildFile; fileRef = 064D09281F76B5BF00397920 /* Main.storyboard */; };
		064D092C1F76B5BF00397920 /* Assets.xcassets in Resources */ = {isa = PBXBuildFile; fileRef = 064D092B1F76B5BF00397920 /* Assets.xcassets */; };
		064D092F1F76B5BF00397920 /* LaunchScreen.storyboard in Resources */ = {isa = PBXBuildFile; fileRef = 064D092D1F76B5BF00397920 /* LaunchScreen.storyboard */; };
		064D093A1F76B5BF00397920 /* jayTests.swift in Sources */ = {isa = PBXBuildFile; fileRef = 064D09391F76B5BF00397920 /* jayTests.swift */; };
/* End PBXBuildFile section */

/* Begin PBXContainerItemProxy section */
		064D09361F76B5BF00397920 /* PBXContainerItemProxy */ = {
			isa = PBXContainerItemProxy;
			containerPortal = 064D09191F76B5BF00397920 /* Project object */;
			proxyType = 1;
			remoteGlobalIDString = 064D09201F76B5BF00397920;
			remoteInfo = jay;
		};
/* End PBXContainerItemProxy section */

/* Begin PBXFileReference section */
		064D09211F76B5BF00397920 /* jay.app */ = {isa = PBXFileReference; explicitFileType = wrapper.application; includeInIndex = 0; path = jay.app; sourceTree = BUILT_PRODUCTS_DIR; };
		064D09241F76B5BF00397920 /* AppDelegate.swift */ = {isa = PBXFileReference; lastKnownFileType = sourcecode.swift; path = AppDelegate.swift; sourceTree = "<group>"; };
		064D09261F76B5BF00397920 /* ViewController.swift */ = {isa = PBXFileReference; lastKnownFileType = sourcecode.swift; path = ViewController.swift; sourceTree = "<group>"; };
		064D09291F76B5BF00397920 /* Base */ = {isa = PBXFileReference; lastKnownFileType = file.storyboard; name = Base; path = Base.lproj/Main.storyboard; sourceTree = "<group>"; };
		064D092B1F76B5BF00397920 /* Assets.xcassets */ = {isa = PBXFileReference; lastKnownFileType = folder.assetcatalog; path = Assets.xcassets; sourceTree = "<group>"; };
		064D092E1F76B5BF00397920 /* Base */ = {isa = PBXFileReference; lastKnownFileType = file.storyboard; name = Base; path = Base.lproj/LaunchScreen.storyboard; sourceTree = "<group>"; };
		064D09301F76B5BF00397920 /* Info.plist */ = {isa = PBXFileReference; lastKnownFileType = text.plist.xml; path = Info.plist; sourceTree = "<group>"; };
		064D09351F76B5BF00397920 /* jayTests.xctest */ = {isa = PBXFileReference; explicitFileType = wrapper.cfbundle; includeInIndex = 0; path = jayTests.xctest; sourceTree = BUILT_PRODUCTS_DIR; };
		064D09391F76B5BF00397920 /* jayTests.swift */ = {isa = PBXFileReference; lastKnownFileType = sourcecode.swift; path = jayTests.swift; sourceTree = "<group>"; };
		064D093B1F76B5BF00397920 /* Info.plist */ = {isa = PBXFileReference; lastKnownFileType = text.plist.xml; path = Info.plist; sourceTree = "<group>"; };
/* End PBXFileReference section */

/* Begin PBXFrameworksBuildPhase section */
		064D091E1F76B5BF00397920 /* Frameworks */ = {
			isa = PBXFrameworksBuildPhase;
			buildActionMask = 2147483647;
			files = (
			);
			runOnlyForDeploymentPostprocessing = 0;
		};
		064D09321F76B5BF00397920 /* Frameworks */ = {
			isa = PBXFrameworksBuildPhase;
			buildActionMask = 2147483647;
			files = (
			);
			runOnlyForDeploymentPostprocessing = 0;
		};
/* End PBXFrameworksBuildPhase section */

/* Begin PBXGroup section */
		064D09181F76B5BF00397920 = {
			isa = PBXGroup;
			children = (
				064D09231F76B5BF00397920 /* jay */,
				064D09381F76B5BF00397920 /* jayTests */,
				064D09221F76B5BF00397920 /* Products */,
			);
			sourceTree = "<group>";
		};
		064D09221F76B5BF00397920 /* Products */ = {
			isa = PBXGroup;
			children = (
				064D09211F76B5BF00397920 /* jay.app */,
				064D09351F76B5BF00397920 /* jayTests.xctest */,
			);
			name = Products;
			sourceTree = "<group>";
		};
		064D09231F76B5BF00397920 /* jay */ = {
			isa = PBXGroup;
			children = (
				064D09241F76B5BF00397920 /* AppDelegate.swift */,
				064D09261F76B5BF00397920 /* ViewController.swift */,
				064D09281F76B5BF00397920 /* Main.storyboard */,
				064D092B1F76B5BF00397920 /* Assets.xcassets */,
				064D092D1F76B5BF00397920 /* LaunchScreen.storyboard */,
				064D09301F76B5BF00397920 /* Info.plist */,
			);
			path = jay;
			sourceTree = "<group>";
		};
		064D09381F76B5BF00397920 /* jayTests */ = {
			isa = PBXGroup;
			children = (
				064D09391F76B5BF00397920 /* jayTests.swift */,
				064D093B1F76B5BF00397920 /* Info.plist */,
			);
			path = jayTests;
			sourceTree = "<group>";
		};
/* End PBXGroup section */

/* Begin PBXNativeTarget section */
		064D09201F76B5BF00397920 /* jay */ = {
			isa = PBXNativeTarget;
			buildConfigurationList = 064D093E1F76B5BF00397920 /* Build configuration list for PBXNativeTarget "jay" */;
			buildPhases = (
				064D091D1F76B5BF00397920 /* Sources */,
				064D091E1F76B5BF00397920 /* Frameworks */,
				064D091F1F76B5BF00397920 /* Resources */,
			);
			buildRules = (
			);
			dependencies = (
			);
			name = jay;
			productName = jay;
			productReference = 064D09211F76B5BF00397920 /* jay.app */;
			productType = "com.apple.product-type.application";
		};
		064D09341F76B5BF00397920 /* jayTests */ = {
			isa = PBXNativeTarget;
			buildConfigurationList = 064D09411F76B5BF00397920 /* Build configuration list for PBXNativeTarget "jayTests" */;
			buildPhases = (
				064D09311F76B5BF00397920 /* Sources */,
				064D09321F76B5BF00397920 /* Frameworks */,
				064D09331F76B5BF00397920 /* Resources */,
			);
			buildRules = (
			);
			dependencies = (
				064D09371F76B5BF00397920 /* PBXTargetDependency */,
			);
			name = jayTests;
			productName = jayTests;
			productReference = 064D09351F76B5BF00397920 /* jayTests.xctest */;
			productType = "com.apple.product-type.bundle.unit-test";
		};
/* End PBXNativeTarget section */

/* Begin PBXProject section */
		064D09191F76B5BF00397920 /* Project object */ = {
			isa = PBXProject;
			attributes = {
				LastSwiftUpdateCheck = 0830;
				LastUpgradeCheck = 0830;
				ORGANIZATIONNAME = "Lisa Doan";
				TargetAttributes = {
					064D09201F76B5BF00397920 = {
						CreatedOnToolsVersion = 8.3.3;
						ProvisioningStyle = Automatic;
					};
					064D09341F76B5BF00397920 = {
						CreatedOnToolsVersion = 8.3.3;
						ProvisioningStyle = Automatic;
						TestTargetID = 064D09201F76B5BF00397920;
					};
				};
			};
			buildConfigurationList = 064D091C1F76B5BF00397920 /* Build configuration list for PBXProject "jay" */;
			compatibilityVersion = "Xcode 3.2";
			developmentRegion = English;
			hasScannedForEncodings = 0;
			knownRegions = (
				en,
				Base,
			);
			mainGroup = 064D09181F76B5BF00397920;
			productRefGroup = 064D09221F76B5BF00397920 /* Products */;
			projectDirPath = "";
			projectRoot = "";
			targets = (
				064D09201F76B5BF00397920 /* jay */,
				064D09341F76B5BF00397920 /* jayTests */,
			);
		};
/* End PBXProject section */

/* Begin PBXResourcesBuildPhase section */
		064D091F1F76B5BF00397920 /* Resources */ = {
			isa = PBXResourcesBuildPhase;
			buildActionMask = 2147483647;
			files = (
				064D092F1F76B5BF00397920 /* LaunchScreen.storyboard in Resources */,
				064D092C1F76B5BF00397920 /* Assets.xcassets in Resources */,
				064D092A1F76B5BF00397920 /* Main.storyboard in Resources */,
			);
			runOnlyForDeploymentPostprocessing = 0;
		};
		064D09331F76B5BF00397920 /* Resources */ = {
			isa = PBXResourcesBuildPhase;
			buildActionMask = 2147483647;
			files = (
			);
			runOnlyForDeploymentPostprocessing = 0;
		};
/* End PBXResourcesBuildPhase section */

/* Begin PBXSourcesBuildPhase section */
		064D091D1F76B5BF00397920 /* Sources */ = {
			isa = PBXSourcesBuildPhase;
			buildActionMask = 2147483647;
			files = (
				064D09271F76B5BF00397920 /* ViewController.swift in Sources */,
				064D09251F76B5BF00397920 /* AppDelegate.swift in Sources */,
			);
			runOnlyForDeploymentPostprocessing = 0;
		};
		064D09311F76B5BF00397920 /* Sources */ = {
			isa = PBXSourcesBuildPhase;
			buildActionMask = 2147483647;
			files = (
				064D093A1F76B5BF00397920 /* jayTests.swift in Sources */,
			);
			runOnlyForDeploymentPostprocessing = 0;
		};
/* End PBXSourcesBuildPhase section */

/* Begin PBXTargetDependency section */
		064D09371F76B5BF00397920 /* PBXTargetDependency */ = {
			isa = PBXTargetDependency;
			target = 064D09201F76B5BF00397920 /* jay */;
			targetProxy = 064D09361F76B5BF00397920 /* PBXContainerItemProxy */;
		};
/* End PBXTargetDependency section */

/* Begin PBXVariantGroup section */
		064D09281F76B5BF00397920 /* Main.storyboard */ = {
			isa = PBXVariantGroup;
			children = (
				064D09291F76B5BF00397920 /* Base */,
			);
			name = Main.storyboard;
			sourceTree = "<group>";
		};
		064D092D1F76B5BF00397920 /* LaunchScreen.storyboard */ = {
			isa = PBXVariantGroup;
			children = (
				064D092E1F76B5BF00397920 /* Base */,
			);
			name = LaunchScreen.storyboard;
			sourceTree = "<group>";
		};
/* End PBXVariantGroup section */

/* Begin XCBuildConfiguration section */
		064D093C1F76B5BF00397920 /* Debug */ = {
			isa = XCBuildConfiguration;
			buildSettings = {
				ALWAYS_SEARCH_USER_PATHS = NO;
				CLANG_ANALYZER_NONNULL = YES;
				CLANG_ANALYZER_NUMBER_OBJECT_CONVERSION = YES_AGGRESSIVE;
				CLANG_CXX_LANGUAGE_STANDARD = "gnu++0x";
				CLANG_CXX_LIBRARY = "libc++";
				CLANG_ENABLE_MODULES = YES;
				CLANG_ENABLE_OBJC_ARC = YES;
				CLANG_WARN_BOOL_CONVERSION = YES;
				CLANG_WARN_CONSTANT_CONVERSION = YES;
				CLANG_WARN_DIRECT_OBJC_ISA_USAGE = YES_ERROR;
				CLANG_WARN_DOCUMENTATION_COMMENTS = YES;
				CLANG_WARN_EMPTY_BODY = YES;
				CLANG_WARN_ENUM_CONVERSION = YES;
				CLANG_WARN_INFINITE_RECURSION = YES;
				CLANG_WARN_INT_CONVERSION = YES;
				CLANG_WARN_OBJC_ROOT_CLASS = YES_ERROR;
				CLANG_WARN_SUSPICIOUS_MOVE = YES;
				CLANG_WARN_UNREACHABLE_CODE = YES;
				CLANG_WARN__DUPLICATE_METHOD_MATCH = YES;
				"CODE_SIGN_IDENTITY[sdk=iphoneos*]" = "iPhone Developer";
				COPY_PHASE_STRIP = NO;
				DEBUG_INFORMATION_FORMAT = dwarf;
				ENABLE_STRICT_OBJC_MSGSEND = YES;
				ENABLE_TESTABILITY = YES;
				GCC_C_LANGUAGE_STANDARD = gnu99;
				GCC_DYNAMIC_NO_PIC = NO;
				GCC_NO_COMMON_BLOCKS = YES;
				GCC_OPTIMIZATION_LEVEL = 0;
				GCC_PREPROCESSOR_DEFINITIONS = (
					"DEBUG=1",
					"$(inherited)",
				);
				GCC_WARN_64_TO_32_BIT_CONVERSION = YES;
				GCC_WARN_ABOUT_RETURN_TYPE = YES_ERROR;
				GCC_WARN_UNDECLARED_SELECTOR = YES;
				GCC_WARN_UNINITIALIZED_AUTOS = YES_AGGRESSIVE;
				GCC_WARN_UNUSED_FUNCTION = YES;
				GCC_WARN_UNUSED_VARIABLE = YES;
				IPHONEOS_DEPLOYMENT_TARGET = 10.3;
				MTL_ENABLE_DEBUG_INFO = YES;
				ONLY_ACTIVE_ARCH = YES;
				SDKROOT = iphoneos;
				SWIFT_ACTIVE_COMPILATION_CONDITIONS = DEBUG;
				SWIFT_OPTIMIZATION_LEVEL = "-Onone";
				TARGETED_DEVICE_FAMILY = "1,2";
			};
			name = Debug;
		};
		064D093D1F76B5BF00397920 /* Release */ = {
			isa = XCBuildConfiguration;
			buildSettings = {
				ALWAYS_SEARCH_USER_PATHS = NO;
				CLANG_ANALYZER_NONNULL = YES;
				CLANG_ANALYZER_NUMBER_OBJECT_CONVERSION = YES_AGGRESSIVE;
				CLANG_CXX_LANGUAGE_STANDARD = "gnu++0x";
				CLANG_CXX_LIBRARY = "libc++";
				CLANG_ENABLE_MODULES = YES;
				CLANG_ENABLE_OBJC_ARC = YES;
				CLANG_WARN_BOOL_CONVERSION = YES;
				CLANG_WARN_CONSTANT_CONVERSION = YES;
				CLANG_WARN_DIRECT_OBJC_ISA_USAGE = YES_ERROR;
				CLANG_WARN_DOCUMENTATION_COMMENTS = YES;
				CLANG_WARN_EMPTY_BODY = YES;
				CLANG_WARN_ENUM_CONVERSION = YES;
				CLANG_WARN_INFINITE_RECURSION = YES;
				CLANG_WARN_INT_CONVERSION = YES;
				CLANG_WARN_OBJC_ROOT_CLASS = YES_ERROR;
				CLANG_WARN_SUSPICIOUS_MOVE = YES;
				CLANG_WARN_UNREACHABLE_CODE = YES;
				CLANG_WARN__DUPLICATE_METHOD_MATCH = YES;
				"CODE_SIGN_IDENTITY[sdk=iphoneos*]" = "iPhone Developer";
				COPY_PHASE_STRIP = NO;
				DEBUG_INFORMATION_FORMAT = "dwarf-with-dsym";
				ENABLE_NS_ASSERTIONS = NO;
				ENABLE_STRICT_OBJC_MSGSEND = YES;
				GCC_C_LANGUAGE_STANDARD = gnu99;
				GCC_NO_COMMON_BLOCKS = YES;
				GCC_WARN_64_TO_32_BIT_CONVERSION = YES;
				GCC_WARN_ABOUT_RETURN_TYPE = YES_ERROR;
				GCC_WARN_UNDECLARED_SELECTOR = YES;
				GCC_WARN_UNINITIALIZED_AUTOS = YES_AGGRESSIVE;
				GCC_WARN_UNUSED_FUNCTION = YES;
				GCC_WARN_UNUSED_VARIABLE = YES;
				IPHONEOS_DEPLOYMENT_TARGET = 10.3;
				MTL_ENABLE_DEBUG_INFO = NO;
				SDKROOT = iphoneos;
				SWIFT_OPTIMIZATION_LEVEL = "-Owholemodule";
				TARGETED_DEVICE_FAMILY = "1,2";
				VALIDATE_PRODUCT = YES;
			};
			name = Release;
		};
		064D093F1F76B5BF00397920 /* Debug */ = {
			isa = XCBuildConfiguration;
			buildSettings = {
				ASSETCATALOG_COMPILER_APPICON_NAME = AppIcon;
				INFOPLIST_FILE = jay/Info.plist;
				LD_RUNPATH_SEARCH_PATHS = "$(inherited) @executable_path/Frameworks";
				PRODUCT_BUNDLE_IDENTIFIER = com.example.jay;
				PRODUCT_NAME = "$(TARGET_NAME)";
				SWIFT_VERSION = 3.0;
			};
			name = Debug;
		};
		064D09401F76B5BF00397920 /* Release */ = {
			isa = XCBuildConfiguration;
			buildSettings = {
				ASSETCATALOG_COMPILER_APPICON_NAME = AppIcon;
				INFOPLIST_FILE = jay/Info.plist;
				LD_RUNPATH_SEARCH_PATHS = "$(inherited) @executable_path/Frameworks";
				PRODUCT_BUNDLE_IDENTIFIER = com.example.jay;
				PRODUCT_NAME = "$(TARGET_NAME)";
				SWIFT_VERSION = 3.0;
			};
			name = Release;
		};
		064D09421F76B5BF00397920 /* Debug */ = {
			isa = XCBuildConfiguration;
			buildSettings = {
				ALWAYS_EMBED_SWIFT_STANDARD_LIBRARIES = YES;
				BUNDLE_LOADER = "$(TEST_HOST)";
				INFOPLIST_FILE = jayTests/Info.plist;
				LD_RUNPATH_SEARCH_PATHS = "$(inherited) @executable_path/Frameworks @loader_path/Frameworks";
				PRODUCT_BUNDLE_IDENTIFIER = com.example.jayTests;
				PRODUCT_NAME = "$(TARGET_NAME)";
				SWIFT_VERSION = 3.0;
				TEST_HOST = "$(BUILT_PRODUCTS_DIR)/jay.app/jay";
			};
			name = Debug;
		};
		064D09431F76B5BF00397920 /* Release */ = {
			isa = XCBuildConfiguration;
			buildSettings = {
				ALWAYS_EMBED_SWIFT_STANDARD_LIBRARIES = YES;
				BUNDLE_LOADER = "$(TEST_HOST)";
				INFOPLIST_FILE = jayTests/Info.plist;
				LD_RUNPATH_SEARCH_PATHS = "$(inherited) @executable_path/Frameworks @loader_path/Frameworks";
				PRODUCT_BUNDLE_IDENTIFIER = com.example.jayTests;
				PRODUCT_NAME = "$(TARGET_NAME)";
				SWIFT_VERSION = 3.0;
				TEST_HOST = "$(BUILT_PRODUCTS_DIR)/jay.app/jay";
			};
			name = Release;
		};
/* End XCBuildConfiguration section */

/* Begin XCConfigurationList section */
		064D091C1F76B5BF00397920 /* Build configuration list for PBXProject "jay" */ = {
			isa = XCConfigurationList;
			buildConfigurations = (
				064D093C1F76B5BF00397920 /* Debug */,
				064D093D1F76B5BF00397920 /* Release */,
			);
			defaultConfigurationIsVisible = 0;
			defaultConfigurationName = Release;
		};
		064D093E1F76B5BF00397920 /* Build configuration list for PBXNativeTarget "jay" */ = {
			isa = XCConfigurationList;
			buildConfigurations = (
				064D093F1F76B5BF00397920 /* Debug */,
				064D09401F76B5BF00397920 /* Release */,
			);
			defaultConfigurationIsVisible = 0;
		};
		064D09411F76B5BF00397920 /* Build configuration list for PBXNativeTarget "jayTests" */ = {
			isa = XCConfigurationList;
			buildConfigurations = (
				064D09421F76B5BF00397920 /* Debug */,
				064D09431F76B5BF00397920 /* Release */,
			);
			defaultConfigurationIsVisible = 0;
		};
/* End XCConfigurationList section */
	};
	rootObject = 064D09191F76B5BF00397920 /* Project object */;
}
